
Microsoft Visual Studio Solution File, Format Version 12.00
# Visual Studio Version 17
VisualStudioVersion = 17.4.33213.308
MinimumVisualStudioVersion = 10.0.40219.1
Project("{FAE04EC0-301F-11D3-BF4B-00C04F79EFBC}") = "AfterTheFall_bhaptics", "AfterTheFall_bhaptics.csproj", "{4021C08B-5112-4E00-9CA1-951B77A0C067}"
EndProject
Global
	GlobalSection(SolutionConfigurationPlatforms) = preSolution
		Debug|Any CPU = Debug|Any CPU
		Release|Any CPU = Release|Any CPU
	EndGlobalSection
	GlobalSection(ProjectConfigurationPlatforms) = postSolution
		{4021C08B-5112-4E00-9CA1-951B77A0C067}.Debug|Any CPU.ActiveCfg = Debug|Any CPU
		{4021C08B-5112-4E00-9CA1-951B77A0C067}.Debug|Any CPU.Build.0 = Debug|Any CPU
		{4021C08B-5112-4E00-9CA1-951B77A0C067}.Release|Any CPU.ActiveCfg = Release|Any CPU
		{4021C08B-5112-4E00-9CA1-951B77A0C067}.Release|Any CPU.Build.0 = Release|Any CPU
	EndGlobalSection
	GlobalSection(SolutionProperties) = preSolution
		HideSolutionNode = FALSE
	EndGlobalSection
	GlobalSection(ExtensibilityGlobals) = postSolution
		SolutionGuid = {15679B35-D534-4556-9B32-89A6FC99FF30}
	EndGlobalSection
EndGlobal
